
Microsoft Visual Studio Solution File, Format Version 12.00
# Visual Studio Version 16
VisualStudioVersion = 16.0.29905.134
MinimumVisualStudioVersion = 10.0.40219.1
Project("{FAE04EC0-301F-11D3-BF4B-00C04F79EFBC}") = "Style01", "Style01\Style01.csproj", "{D068915A-1866-4CC4-B9A2-B4D44A4D5EA2}"
EndProject
Project("{2150E333-8FDC-42A3-9474-1A3956D46DE8}") = "Solution Items", "Solution Items", "{045AD46C-4A61-4614-BD71-B828BE84CCA5}"
	ProjectSection(SolutionItems) = preProject
		Theme.xaml = Theme.xaml
	EndProjectSection
EndProject
Global
	GlobalSection(SolutionConfigurationPlatforms) = preSolution
		Debug|Any CPU = Debug|Any CPU
		Release|Any CPU = Release|Any CPU
	EndGlobalSection
	GlobalSection(ProjectConfigurationPlatforms) = postSolution
		{D068915A-1866-4CC4-B9A2-B4D44A4D5EA2}.Debug|Any CPU.ActiveCfg = Debug|Any CPU
		{D068915A-1866-4CC4-B9A2-B4D44A4D5EA2}.Debug|Any CPU.Build.0 = Debug|Any CPU
		{D068915A-1866-4CC4-B9A2-B4D44A4D5EA2}.Release|Any CPU.ActiveCfg = Release|Any CPU
		{D068915A-1866-4CC4-B9A2-B4D44A4D5EA2}.Release|Any CPU.Build.0 = Release|Any CPU
	EndGlobalSection
	GlobalSection(SolutionProperties) = preSolution
		HideSolutionNode = FALSE
	EndGlobalSection
	GlobalSection(ExtensibilityGlobals) = postSolution
		SolutionGuid = {719978DF-4C19-4EB0-801F-BC94E461AFD6}
	EndGlobalSection
EndGlobal
